
Microsoft Visual Studio Solution File, Format Version 12.00
# Visual Studio Version 16
VisualStudioVersion = 16.0.30406.217
MinimumVisualStudioVersion = 10.0.40219.1
Project("{FAE04EC0-301F-11D3-BF4B-00C04F79EFBC}") = "FileToFile", "FileToFile\FileToFile.csproj", "{02295039-9252-4E01-9593-BDC3FEA2AE86}"
EndProject
Global
	GlobalSection(SolutionConfigurationPlatforms) = preSolution
		Debug|Any CPU = Debug|Any CPU
		Release|Any CPU = Release|Any CPU
	EndGlobalSection
	GlobalSection(ProjectConfigurationPlatforms) = postSolution
		{02295039-9252-4E01-9593-BDC3FEA2AE86}.Debug|Any CPU.ActiveCfg = Debug|Any CPU
		{02295039-9252-4E01-9593-BDC3FEA2AE86}.Debug|Any CPU.Build.0 = Debug|Any CPU
		{02295039-9252-4E01-9593-BDC3FEA2AE86}.Release|Any CPU.ActiveCfg = Release|Any CPU
		{02295039-9252-4E01-9593-BDC3FEA2AE86}.Release|Any CPU.Build.0 = Release|Any CPU
	EndGlobalSection
	GlobalSection(SolutionProperties) = preSolution
		HideSolutionNode = FALSE
	EndGlobalSection
	GlobalSection(ExtensibilityGlobals) = postSolution
		SolutionGuid = {C0D5E7D1-D6BB-42F9-AB58-0D2ABEFED720}
	EndGlobalSection
EndGlobal
